// !$*UTF8*$!
{
	archiveVersion = 1;
	classes = {
	};
	objectVersion = 56;
	objects = {

/* Begin PBXBuildFile section */
		6123E1B62C9198CD00834D9F /* ChatBotView.swift in Sources */ = {isa = PBXBuildFile; fileRef = 6123E1B52C9198CD00834D9F /* ChatBotView.swift */; };
		612C0DEB2C7ACEAE003197E7 /* recording.wav in Resources */ = {isa = PBXBuildFile; fileRef = 612C0DEA2C7ACEAE003197E7 /* recording.wav */; };
		612C0DEF2C7ADA80003197E7 /* rec_seg.wav in Resources */ = {isa = PBXBuildFile; fileRef = 612C0DEE2C7ADA80003197E7 /* rec_seg.wav */; };
		614AD05C2C6FA0C200D5F984 /* Alamofire in Frameworks */ = {isa = PBXBuildFile; productRef = 614AD05B2C6FA0C200D5F984 /* Alamofire */; };
		614AD05E2C6FA0C200D5F984 /* AlamofireDynamic in Frameworks */ = {isa = PBXBuildFile; productRef = 614AD05D2C6FA0C200D5F984 /* AlamofireDynamic */; };
		614AD0602C706CEA00D5F984 /* SpeakerView.swift in Sources */ = {isa = PBXBuildFile; fileRef = 614AD05F2C706CEA00D5F984 /* SpeakerView.swift */; };
		614AD0622C71986200D5F984 /* MultiView.swift in Sources */ = {isa = PBXBuildFile; fileRef = 614AD0612C71986200D5F984 /* MultiView.swift */; };
		614AD0642C71989100D5F984 /* FirstPageView.swift in Sources */ = {isa = PBXBuildFile; fileRef = 614AD0632C71989100D5F984 /* FirstPageView.swift */; };
		614AD0662C7198CA00D5F984 /* SecondPageView.swift in Sources */ = {isa = PBXBuildFile; fileRef = 614AD0652C7198CA00D5F984 /* SecondPageView.swift */; };
		614AD0682C71991D00D5F984 /* FinalPageView.swift in Sources */ = {isa = PBXBuildFile; fileRef = 614AD0672C71991D00D5F984 /* FinalPageView.swift */; };
		614AD06A2C71B51A00D5F984 /* AudioRecorderView.swift in Sources */ = {isa = PBXBuildFile; fileRef = 614AD0692C71B51A00D5F984 /* AudioRecorderView.swift */; };
		614AD06C2C72221300D5F984 /* CSVFileView.swift in Sources */ = {isa = PBXBuildFile; fileRef = 614AD06B2C72221300D5F984 /* CSVFileView.swift */; };
		618AAA782C6F98D50046BEC7 /* SwiftyJSON in Frameworks */ = {isa = PBXBuildFile; productRef = 618AAA772C6F98D50046BEC7 /* SwiftyJSON */; };
		619F09352C8B2C48001848AC /* SpeechView.swift in Sources */ = {isa = PBXBuildFile; fileRef = 619F09342C8B2C48001848AC /* SpeechView.swift */; };
		61AA0BD02C757A8B00FE9209 /* RectangleTextView.swift in Sources */ = {isa = PBXBuildFile; fileRef = 61AA0BCF2C757A8B00FE9209 /* RectangleTextView.swift */; };
		61C9ADB22C69AA9C00A375E9 /* TestAppApp.swift in Sources */ = {isa = PBXBuildFile; fileRef = 61C9ADB12C69AA9C00A375E9 /* TestAppApp.swift */; };
		61C9ADB42C69AA9C00A375E9 /* ContentView.swift in Sources */ = {isa = PBXBuildFile; fileRef = 61C9ADB32C69AA9C00A375E9 /* ContentView.swift */; };
		61C9ADB62C69AA9D00A375E9 /* Assets.xcassets in Resources */ = {isa = PBXBuildFile; fileRef = 61C9ADB52C69AA9D00A375E9 /* Assets.xcassets */; };
		61C9ADB92C69AA9D00A375E9 /* Preview Assets.xcassets in Resources */ = {isa = PBXBuildFile; fileRef = 61C9ADB82C69AA9D00A375E9 /* Preview Assets.xcassets */; };
		61C9ADC32C69AA9E00A375E9 /* TestAppTests.swift in Sources */ = {isa = PBXBuildFile; fileRef = 61C9ADC22C69AA9E00A375E9 /* TestAppTests.swift */; };
		61C9ADCD2C69AA9E00A375E9 /* TestAppUITests.swift in Sources */ = {isa = PBXBuildFile; fileRef = 61C9ADCC2C69AA9E00A375E9 /* TestAppUITests.swift */; };
		61C9ADCF2C69AA9E00A375E9 /* TestAppUITestsLaunchTests.swift in Sources */ = {isa = PBXBuildFile; fileRef = 61C9ADCE2C69AA9E00A375E9 /* TestAppUITestsLaunchTests.swift */; };
		61C9ADDC2C6A6E8A00A375E9 /* FormView.swift in Sources */ = {isa = PBXBuildFile; fileRef = 61C9ADDB2C6A6E8A00A375E9 /* FormView.swift */; };
		61C9ADDE2C6B33F300A375E9 /* RandomSportsView.swift in Sources */ = {isa = PBXBuildFile; fileRef = 61C9ADDD2C6B33F300A375E9 /* RandomSportsView.swift */; };
		61D3BF6D2C9001FD001E7234 /* ListView.swift in Sources */ = {isa = PBXBuildFile; fileRef = 61D3BF6C2C9001FD001E7234 /* ListView.swift */; };
		61D3BF6F2C90135A001E7234 /* AsyncView.swift in Sources */ = {isa = PBXBuildFile; fileRef = 61D3BF6E2C90135A001E7234 /* AsyncView.swift */; };
		61D3BF712C902F9E001E7234 /* TranslateFinalView.swift in Sources */ = {isa = PBXBuildFile; fileRef = 61D3BF702C902F9E001E7234 /* TranslateFinalView.swift */; };
/* End PBXBuildFile section */

/* Begin PBXContainerItemProxy section */
		61C9ADBF2C69AA9E00A375E9 /* PBXContainerItemProxy */ = {
			isa = PBXContainerItemProxy;
			containerPortal = 61C9ADA62C69AA9C00A375E9 /* Project object */;
			proxyType = 1;
			remoteGlobalIDString = 61C9ADAD2C69AA9C00A375E9;
			remoteInfo = TestApp;
		};
		61C9ADC92C69AA9E00A375E9 /* PBXContainerItemProxy */ = {
			isa = PBXContainerItemProxy;
			containerPortal = 61C9ADA62C69AA9C00A375E9 /* Project object */;
			proxyType = 1;
			remoteGlobalIDString = 61C9ADAD2C69AA9C00A375E9;
			remoteInfo = TestApp;
		};
/* End PBXContainerItemProxy section */

/* Begin PBXFileReference section */
		6123E1B52C9198CD00834D9F /* ChatBotView.swift */ = {isa = PBXFileReference; lastKnownFileType = sourcecode.swift; path = ChatBotView.swift; sourceTree = "<group>"; };
		612C0DEA2C7ACEAE003197E7 /* recording.wav */ = {isa = PBXFileReference; lastKnownFileType = audio.wav; name = recording.wav; path = ../../../../../Downloads/recording.wav; sourceTree = "<group>"; };
		612C0DEE2C7ADA80003197E7 /* rec_seg.wav */ = {isa = PBXFileReference; lastKnownFileType = audio.wav; name = rec_seg.wav; path = ../../../../../Downloads/rec_seg.wav; sourceTree = "<group>"; };
		614AD05F2C706CEA00D5F984 /* SpeakerView.swift */ = {isa = PBXFileReference; lastKnownFileType = sourcecode.swift; path = SpeakerView.swift; sourceTree = "<group>"; };
		614AD0612C71986200D5F984 /* MultiView.swift */ = {isa = PBXFileReference; lastKnownFileType = sourcecode.swift; path = MultiView.swift; sourceTree = "<group>"; };
		614AD0632C71989100D5F984 /* FirstPageView.swift */ = {isa = PBXFileReference; lastKnownFileType = sourcecode.swift; path = FirstPageView.swift; sourceTree = "<group>"; };
		614AD0652C7198CA00D5F984 /* SecondPageView.swift */ = {isa = PBXFileReference; lastKnownFileType = sourcecode.swift; path = SecondPageView.swift; sourceTree = "<group>"; };
		614AD0672C71991D00D5F984 /* FinalPageView.swift */ = {isa = PBXFileReference; lastKnownFileType = sourcecode.swift; path = FinalPageView.swift; sourceTree = "<group>"; };
		614AD0692C71B51A00D5F984 /* AudioRecorderView.swift */ = {isa = PBXFileReference; lastKnownFileType = sourcecode.swift; path = AudioRecorderView.swift; sourceTree = "<group>"; };
		614AD06B2C72221300D5F984 /* CSVFileView.swift */ = {isa = PBXFileReference; lastKnownFileType = sourcecode.swift; path = CSVFileView.swift; sourceTree = "<group>"; };
		619F09342C8B2C48001848AC /* SpeechView.swift */ = {isa = PBXFileReference; lastKnownFileType = sourcecode.swift; path = SpeechView.swift; sourceTree = "<group>"; };
		61AA0BCF2C757A8B00FE9209 /* RectangleTextView.swift */ = {isa = PBXFileReference; lastKnownFileType = sourcecode.swift; path = RectangleTextView.swift; sourceTree = "<group>"; };
		61C9ADAE2C69AA9C00A375E9 /* TestApp.app */ = {isa = PBXFileReference; explicitFileType = wrapper.application; includeInIndex = 0; path = TestApp.app; sourceTree = BUILT_PRODUCTS_DIR; };
		61C9ADB12C69AA9C00A375E9 /* TestAppApp.swift */ = {isa = PBXFileReference; lastKnownFileType = sourcecode.swift; path = TestAppApp.swift; sourceTree = "<group>"; };
		61C9ADB32C69AA9C00A375E9 /* ContentView.swift */ = {isa = PBXFileReference; lastKnownFileType = sourcecode.swift; path = ContentView.swift; sourceTree = "<group>"; };
		61C9ADB52C69AA9D00A375E9 /* Assets.xcassets */ = {isa = PBXFileReference; lastKnownFileType = folder.assetcatalog; path = Assets.xcassets; sourceTree = "<group>"; };
		61C9ADB82C69AA9D00A375E9 /* Preview Assets.xcassets */ = {isa = PBXFileReference; lastKnownFileType = folder.assetcatalog; path = "Preview Assets.xcassets"; sourceTree = "<group>"; };
		61C9ADBE2C69AA9E00A375E9 /* TestAppTests.xctest */ = {isa = PBXFileReference; explicitFileType = wrapper.cfbundle; includeInIndex = 0; path = TestAppTests.xctest; sourceTree = BUILT_PRODUCTS_DIR; };
		61C9ADC22C69AA9E00A375E9 /* TestAppTests.swift */ = {isa = PBXFileReference; lastKnownFileType = sourcecode.swift; path = TestAppTests.swift; sourceTree = "<group>"; };
		61C9ADC82C69AA9E00A375E9 /* TestAppUITests.xctest */ = {isa = PBXFileReference; explicitFileType = wrapper.cfbundle; includeInIndex = 0; path = TestAppUITests.xctest; sourceTree = BUILT_PRODUCTS_DIR; };
		61C9ADCC2C69AA9E00A375E9 /* TestAppUITests.swift */ = {isa = PBXFileReference; lastKnownFileType = sourcecode.swift; path = TestAppUITests.swift; sourceTree = "<group>"; };
		61C9ADCE2C69AA9E00A375E9 /* TestAppUITestsLaunchTests.swift */ = {isa = PBXFileReference; lastKnownFileType = sourcecode.swift; path = TestAppUITestsLaunchTests.swift; sourceTree = "<group>"; };
		61C9ADDB2C6A6E8A00A375E9 /* FormView.swift */ = {isa = PBXFileReference; lastKnownFileType = sourcecode.swift; path = FormView.swift; sourceTree = "<group>"; };
		61C9ADDD2C6B33F300A375E9 /* RandomSportsView.swift */ = {isa = PBXFileReference; lastKnownFileType = sourcecode.swift; path = RandomSportsView.swift; sourceTree = "<group>"; };
		61D3BF6C2C9001FD001E7234 /* ListView.swift */ = {isa = PBXFileReference; lastKnownFileType = sourcecode.swift; path = ListView.swift; sourceTree = "<group>"; };
		61D3BF6E2C90135A001E7234 /* AsyncView.swift */ = {isa = PBXFileReference; lastKnownFileType = sourcecode.swift; path = AsyncView.swift; sourceTree = "<group>"; };
		61D3BF702C902F9E001E7234 /* TranslateFinalView.swift */ = {isa = PBXFileReference; lastKnownFileType = sourcecode.swift; path = TranslateFinalView.swift; sourceTree = "<group>"; };
/* End PBXFileReference section */

/* Begin PBXFrameworksBuildPhase section */
		61C9ADAB2C69AA9C00A375E9 /* Frameworks */ = {
			isa = PBXFrameworksBuildPhase;
			buildActionMask = 2147483647;
			files = (
				618AAA782C6F98D50046BEC7 /* SwiftyJSON in Frameworks */,
				614AD05E2C6FA0C200D5F984 /* AlamofireDynamic in Frameworks */,
				614AD05C2C6FA0C200D5F984 /* Alamofire in Frameworks */,
			);
			runOnlyForDeploymentPostprocessing = 0;
		};
		61C9ADBB2C69AA9E00A375E9 /* Frameworks */ = {
			isa = PBXFrameworksBuildPhase;
			buildActionMask = 2147483647;
			files = (
			);
			runOnlyForDeploymentPostprocessing = 0;
		};
		61C9ADC52C69AA9E00A375E9 /* Frameworks */ = {
			isa = PBXFrameworksBuildPhase;
			buildActionMask = 2147483647;
			files = (
			);
			runOnlyForDeploymentPostprocessing = 0;
		};
/* End PBXFrameworksBuildPhase section */

/* Begin PBXGroup section */
		61C9ADA52C69AA9C00A375E9 = {
			isa = PBXGroup;
			children = (
				61C9ADB02C69AA9C00A375E9 /* TestApp */,
				61C9ADC12C69AA9E00A375E9 /* TestAppTests */,
				61C9ADCB2C69AA9E00A375E9 /* TestAppUITests */,
				61C9ADAF2C69AA9C00A375E9 /* Products */,
			);
			sourceTree = "<group>";
		};
		61C9ADAF2C69AA9C00A375E9 /* Products */ = {
			isa = PBXGroup;
			children = (
				61C9ADAE2C69AA9C00A375E9 /* TestApp.app */,
				61C9ADBE2C69AA9E00A375E9 /* TestAppTests.xctest */,
				61C9ADC82C69AA9E00A375E9 /* TestAppUITests.xctest */,
			);
			name = Products;
			sourceTree = "<group>";
		};
		61C9ADB02C69AA9C00A375E9 /* TestApp */ = {
			isa = PBXGroup;
			children = (
				61C9ADB12C69AA9C00A375E9 /* TestAppApp.swift */,
				61C9ADB32C69AA9C00A375E9 /* ContentView.swift */,
				61C9ADDB2C6A6E8A00A375E9 /* FormView.swift */,
				614AD0612C71986200D5F984 /* MultiView.swift */,
				612C0DEE2C7ADA80003197E7 /* rec_seg.wav */,
				614AD05F2C706CEA00D5F984 /* SpeakerView.swift */,
				614AD0632C71989100D5F984 /* FirstPageView.swift */,
				612C0DEA2C7ACEAE003197E7 /* recording.wav */,
				614AD0652C7198CA00D5F984 /* SecondPageView.swift */,
				614AD0692C71B51A00D5F984 /* AudioRecorderView.swift */,
				614AD06B2C72221300D5F984 /* CSVFileView.swift */,
				614AD0672C71991D00D5F984 /* FinalPageView.swift */,
				619F09342C8B2C48001848AC /* SpeechView.swift */,
				61AA0BCF2C757A8B00FE9209 /* RectangleTextView.swift */,
				61D3BF6E2C90135A001E7234 /* AsyncView.swift */,
				61D3BF702C902F9E001E7234 /* TranslateFinalView.swift */,
				6123E1B52C9198CD00834D9F /* ChatBotView.swift */,
				61D3BF6C2C9001FD001E7234 /* ListView.swift */,
				61C9ADDD2C6B33F300A375E9 /* RandomSportsView.swift */,
				61C9ADB52C69AA9D00A375E9 /* Assets.xcassets */,
				61C9ADB72C69AA9D00A375E9 /* Preview Content */,
			);
			path = TestApp;
			sourceTree = "<group>";
		};
		61C9ADB72C69AA9D00A375E9 /* Preview Content */ = {
			isa = PBXGroup;
			children = (
				61C9ADB82C69AA9D00A375E9 /* Preview Assets.xcassets */,
			);
			path = "Preview Content";
			sourceTree = "<group>";
		};
		61C9ADC12C69AA9E00A375E9 /* TestAppTests */ = {
			isa = PBXGroup;
			children = (
				61C9ADC22C69AA9E00A375E9 /* TestAppTests.swift */,
			);
			path = TestAppTests;
			sourceTree = "<group>";
		};
		61C9ADCB2C69AA9E00A375E9 /* TestAppUITests */ = {
			isa = PBXGroup;
			children = (
				61C9ADCC2C69AA9E00A375E9 /* TestAppUITests.swift */,
				61C9ADCE2C69AA9E00A375E9 /* TestAppUITestsLaunchTests.swift */,
			);
			path = TestAppUITests;
			sourceTree = "<group>";
		};
/* End PBXGroup section */

/* Begin PBXNativeTarget section */
		61C9ADAD2C69AA9C00A375E9 /* TestApp */ = {
			isa = PBXNativeTarget;
			buildConfigurationList = 61C9ADD22C69AA9E00A375E9 /* Build configuration list for PBXNativeTarget "TestApp" */;
			buildPhases = (
				61C9ADAA2C69AA9C00A375E9 /* Sources */,
				61C9ADAB2C69AA9C00A375E9 /* Frameworks */,
				61C9ADAC2C69AA9C00A375E9 /* Resources */,
			);
			buildRules = (
			);
			dependencies = (
			);
			name = TestApp;
			packageProductDependencies = (
				618AAA772C6F98D50046BEC7 /* SwiftyJSON */,
				614AD05B2C6FA0C200D5F984 /* Alamofire */,
				614AD05D2C6FA0C200D5F984 /* AlamofireDynamic */,
			);
			productName = TestApp;
			productReference = 61C9ADAE2C69AA9C00A375E9 /* TestApp.app */;
			productType = "com.apple.product-type.application";
		};
		61C9ADBD2C69AA9E00A375E9 /* TestAppTests */ = {
			isa = PBXNativeTarget;
			buildConfigurationList = 61C9ADD52C69AA9E00A375E9 /* Build configuration list for PBXNativeTarget "TestAppTests" */;
			buildPhases = (
				61C9ADBA2C69AA9E00A375E9 /* Sources */,
				61C9ADBB2C69AA9E00A375E9 /* Frameworks */,
				61C9ADBC2C69AA9E00A375E9 /* Resources */,
			);
			buildRules = (
			);
			dependencies = (
				61C9ADC02C69AA9E00A375E9 /* PBXTargetDependency */,
			);
			name = TestAppTests;
			productName = TestAppTests;
			productReference = 61C9ADBE2C69AA9E00A375E9 /* TestAppTests.xctest */;
			productType = "com.apple.product-type.bundle.unit-test";
		};
		61C9ADC72C69AA9E00A375E9 /* TestAppUITests */ = {
			isa = PBXNativeTarget;
			buildConfigurationList = 61C9ADD82C69AA9E00A375E9 /* Build configuration list for PBXNativeTarget "TestAppUITests" */;
			buildPhases = (
				61C9ADC42C69AA9E00A375E9 /* Sources */,
				61C9ADC52C69AA9E00A375E9 /* Frameworks */,
				61C9ADC62C69AA9E00A375E9 /* Resources */,
			);
			buildRules = (
			);
			dependencies = (
				61C9ADCA2C69AA9E00A375E9 /* PBXTargetDependency */,
			);
			name = TestAppUITests;
			productName = TestAppUITests;
			productReference = 61C9ADC82C69AA9E00A375E9 /* TestAppUITests.xctest */;
			productType = "com.apple.product-type.bundle.ui-testing";
		};
/* End PBXNativeTarget section */

/* Begin PBXProject section */
		61C9ADA62C69AA9C00A375E9 /* Project object */ = {
			isa = PBXProject;
			attributes = {
				BuildIndependentTargetsInParallel = 1;
				LastSwiftUpdateCheck = 1500;
				LastUpgradeCheck = 1500;
				TargetAttributes = {
					61C9ADAD2C69AA9C00A375E9 = {
						CreatedOnToolsVersion = 15.0.1;
					};
					61C9ADBD2C69AA9E00A375E9 = {
						CreatedOnToolsVersion = 15.0.1;
						TestTargetID = 61C9ADAD2C69AA9C00A375E9;
					};
					61C9ADC72C69AA9E00A375E9 = {
						CreatedOnToolsVersion = 15.0.1;
						TestTargetID = 61C9ADAD2C69AA9C00A375E9;
					};
				};
			};
			buildConfigurationList = 61C9ADA92C69AA9C00A375E9 /* Build configuration list for PBXProject "TestApp" */;
			compatibilityVersion = "Xcode 14.0";
			developmentRegion = en;
			hasScannedForEncodings = 0;
			knownRegions = (
				en,
				Base,
			);
			mainGroup = 61C9ADA52C69AA9C00A375E9;
			packageReferences = (
				618AAA752C6F98580046BEC7 /* XCRemoteSwiftPackageReference "Alamofire" */,
				618AAA762C6F98D50046BEC7 /* XCRemoteSwiftPackageReference "SwiftyJSON" */,
			);
			productRefGroup = 61C9ADAF2C69AA9C00A375E9 /* Products */;
			projectDirPath = "";
			projectRoot = "";
			targets = (
				61C9ADAD2C69AA9C00A375E9 /* TestApp */,
				61C9ADBD2C69AA9E00A375E9 /* TestAppTests */,
				61C9ADC72C69AA9E00A375E9 /* TestAppUITests */,
			);
		};
/* End PBXProject section */

/* Begin PBXResourcesBuildPhase section */
		61C9ADAC2C69AA9C00A375E9 /* Resources */ = {
			isa = PBXResourcesBuildPhase;
			buildActionMask = 2147483647;
			files = (
				612C0DEF2C7ADA80003197E7 /* rec_seg.wav in Resources */,
				61C9ADB92C69AA9D00A375E9 /* Preview Assets.xcassets in Resources */,
				612C0DEB2C7ACEAE003197E7 /* recording.wav in Resources */,
				61C9ADB62C69AA9D00A375E9 /* Assets.xcassets in Resources */,
			);
			runOnlyForDeploymentPostprocessing = 0;
		};
		61C9ADBC2C69AA9E00A375E9 /* Resources */ = {
			isa = PBXResourcesBuildPhase;
			buildActionMask = 2147483647;
			files = (
			);
			runOnlyForDeploymentPostprocessing = 0;
		};
		61C9ADC62C69AA9E00A375E9 /* Resources */ = {
			isa = PBXResourcesBuildPhase;
			buildActionMask = 2147483647;
			files = (
			);
			runOnlyForDeploymentPostprocessing = 0;
		};
/* End PBXResourcesBuildPhase section */

/* Begin PBXSourcesBuildPhase section */
		61C9ADAA2C69AA9C00A375E9 /* Sources */ = {
			isa = PBXSourcesBuildPhase;
			buildActionMask = 2147483647;
			files = (
				614AD0642C71989100D5F984 /* FirstPageView.swift in Sources */,
				61C9ADDE2C6B33F300A375E9 /* RandomSportsView.swift in Sources */,
				61C9ADDC2C6A6E8A00A375E9 /* FormView.swift in Sources */,
				614AD0662C7198CA00D5F984 /* SecondPageView.swift in Sources */,
				61D3BF6F2C90135A001E7234 /* AsyncView.swift in Sources */,
				619F09352C8B2C48001848AC /* SpeechView.swift in Sources */,
				61D3BF712C902F9E001E7234 /* TranslateFinalView.swift in Sources */,
				614AD0682C71991D00D5F984 /* FinalPageView.swift in Sources */,
				614AD0622C71986200D5F984 /* MultiView.swift in Sources */,
				61C9ADB42C69AA9C00A375E9 /* ContentView.swift in Sources */,
				61AA0BD02C757A8B00FE9209 /* RectangleTextView.swift in Sources */,
				6123E1B62C9198CD00834D9F /* ChatBotView.swift in Sources */,
				61C9ADB22C69AA9C00A375E9 /* TestAppApp.swift in Sources */,
				61D3BF6D2C9001FD001E7234 /* ListView.swift in Sources */,
				614AD0602C706CEA00D5F984 /* SpeakerView.swift in Sources */,
				614AD06C2C72221300D5F984 /* CSVFileView.swift in Sources */,
				614AD06A2C71B51A00D5F984 /* AudioRecorderView.swift in Sources */,
			);
			runOnlyForDeploymentPostprocessing = 0;
		};
		61C9ADBA2C69AA9E00A375E9 /* Sources */ = {
			isa = PBXSourcesBuildPhase;
			buildActionMask = 2147483647;
			files = (
				61C9ADC32C69AA9E00A375E9 /* TestAppTests.swift in Sources */,
			);
			runOnlyForDeploymentPostprocessing = 0;
		};
		61C9ADC42C69AA9E00A375E9 /* Sources */ = {
			isa = PBXSourcesBuildPhase;
			buildActionMask = 2147483647;
			files = (
				61C9ADCF2C69AA9E00A375E9 /* TestAppUITestsLaunchTests.swift in Sources */,
				61C9ADCD2C69AA9E00A375E9 /* TestAppUITests.swift in Sources */,
			);
			runOnlyForDeploymentPostprocessing = 0;
		};
/* End PBXSourcesBuildPhase section */

/* Begin PBXTargetDependency section */
		61C9ADC02C69AA9E00A375E9 /* PBXTargetDependency */ = {
			isa = PBXTargetDependency;
			target = 61C9ADAD2C69AA9C00A375E9 /* TestApp */;
			targetProxy = 61C9ADBF2C69AA9E00A375E9 /* PBXContainerItemProxy */;
		};
		61C9ADCA2C69AA9E00A375E9 /* PBXTargetDependency */ = {
			isa = PBXTargetDependency;
			target = 61C9ADAD2C69AA9C00A375E9 /* TestApp */;
			targetProxy = 61C9ADC92C69AA9E00A375E9 /* PBXContainerItemProxy */;
		};
/* End PBXTargetDependency section */

/* Begin XCBuildConfiguration section */
		61C9ADD02C69AA9E00A375E9 /* Debug */ = {
			isa = XCBuildConfiguration;
			buildSettings = {
				ALWAYS_SEARCH_USER_PATHS = NO;
				ASSETCATALOG_COMPILER_GENERATE_SWIFT_ASSET_SYMBOL_EXTENSIONS = YES;
				CLANG_ANALYZER_NONNULL = YES;
				CLANG_ANALYZER_NUMBER_OBJECT_CONVERSION = YES_AGGRESSIVE;
				CLANG_CXX_LANGUAGE_STANDARD = "gnu++20";
				CLANG_ENABLE_MODULES = YES;
				CLANG_ENABLE_OBJC_ARC = YES;
				CLANG_ENABLE_OBJC_WEAK = YES;
				CLANG_WARN_BLOCK_CAPTURE_AUTORELEASING = YES;
				CLANG_WARN_BOOL_CONVERSION = YES;
				CLANG_WARN_COMMA = YES;
				CLANG_WARN_CONSTANT_CONVERSION = YES;
				CLANG_WARN_DEPRECATED_OBJC_IMPLEMENTATIONS = YES;
				CLANG_WARN_DIRECT_OBJC_ISA_USAGE = YES_ERROR;
				CLANG_WARN_DOCUMENTATION_COMMENTS = YES;
				CLANG_WARN_EMPTY_BODY = YES;
				CLANG_WARN_ENUM_CONVERSION = YES;
				CLANG_WARN_INFINITE_RECURSION = YES;
				CLANG_WARN_INT_CONVERSION = YES;
				CLANG_WARN_NON_LITERAL_NULL_CONVERSION = YES;
				CLANG_WARN_OBJC_IMPLICIT_RETAIN_SELF = YES;
				CLANG_WARN_OBJC_LITERAL_CONVERSION = YES;
				CLANG_WARN_OBJC_ROOT_CLASS = YES_ERROR;
				CLANG_WARN_QUOTED_INCLUDE_IN_FRAMEWORK_HEADER = YES;
				CLANG_WARN_RANGE_LOOP_ANALYSIS = YES;
				CLANG_WARN_STRICT_PROTOTYPES = YES;
				CLANG_WARN_SUSPICIOUS_MOVE = YES;
				CLANG_WARN_UNGUARDED_AVAILABILITY = YES_AGGRESSIVE;
				CLANG_WARN_UNREACHABLE_CODE = YES;
				CLANG_WARN__DUPLICATE_METHOD_MATCH = YES;
				COPY_PHASE_STRIP = NO;
				DEBUG_INFORMATION_FORMAT = dwarf;
				ENABLE_STRICT_OBJC_MSGSEND = YES;
				ENABLE_TESTABILITY = YES;
				ENABLE_USER_SCRIPT_SANDBOXING = YES;
				GCC_C_LANGUAGE_STANDARD = gnu17;
				GCC_DYNAMIC_NO_PIC = NO;
				GCC_NO_COMMON_BLOCKS = YES;
				GCC_OPTIMIZATION_LEVEL = 0;
				GCC_PREPROCESSOR_DEFINITIONS = (
					"DEBUG=1",
					"$(inherited)",
				);
				GCC_WARN_64_TO_32_BIT_CONVERSION = YES;
				GCC_WARN_ABOUT_RETURN_TYPE = YES_ERROR;
				GCC_WARN_UNDECLARED_SELECTOR = YES;
				GCC_WARN_UNINITIALIZED_AUTOS = YES_AGGRESSIVE;
				GCC_WARN_UNUSED_FUNCTION = YES;
				GCC_WARN_UNUSED_VARIABLE = YES;
				IPHONEOS_DEPLOYMENT_TARGET = 17.0;
				LOCALIZATION_PREFERS_STRING_CATALOGS = YES;
				MTL_ENABLE_DEBUG_INFO = INCLUDE_SOURCE;
				MTL_FAST_MATH = YES;
				ONLY_ACTIVE_ARCH = YES;
				SDKROOT = iphoneos;
				SWIFT_ACTIVE_COMPILATION_CONDITIONS = "DEBUG $(inherited)";
				SWIFT_OPTIMIZATION_LEVEL = "-Onone";
			};
			name = Debug;
		};
		61C9ADD12C69AA9E00A375E9 /* Release */ = {
			isa = XCBuildConfiguration;
			buildSettings = {
				ALWAYS_SEARCH_USER_PATHS = NO;
				ASSETCATALOG_COMPILER_GENERATE_SWIFT_ASSET_SYMBOL_EXTENSIONS = YES;
				CLANG_ANALYZER_NONNULL = YES;
				CLANG_ANALYZER_NUMBER_OBJECT_CONVERSION = YES_AGGRESSIVE;
				CLANG_CXX_LANGUAGE_STANDARD = "gnu++20";
				CLANG_ENABLE_MODULES = YES;
				CLANG_ENABLE_OBJC_ARC = YES;
				CLANG_ENABLE_OBJC_WEAK = YES;
				CLANG_WARN_BLOCK_CAPTURE_AUTORELEASING = YES;
				CLANG_WARN_BOOL_CONVERSION = YES;
				CLANG_WARN_COMMA = YES;
				CLANG_WARN_CONSTANT_CONVERSION = YES;
				CLANG_WARN_DEPRECATED_OBJC_IMPLEMENTATIONS = YES;
				CLANG_WARN_DIRECT_OBJC_ISA_USAGE = YES_ERROR;
				CLANG_WARN_DOCUMENTATION_COMMENTS = YES;
				CLANG_WARN_EMPTY_BODY = YES;
				CLANG_WARN_ENUM_CONVERSION = YES;
				CLANG_WARN_INFINITE_RECURSION = YES;
				CLANG_WARN_INT_CONVERSION = YES;
				CLANG_WARN_NON_LITERAL_NULL_CONVERSION = YES;
				CLANG_WARN_OBJC_IMPLICIT_RETAIN_SELF = YES;
				CLANG_WARN_OBJC_LITERAL_CONVERSION = YES;
				CLANG_WARN_OBJC_ROOT_CLASS = YES_ERROR;
				CLANG_WARN_QUOTED_INCLUDE_IN_FRAMEWORK_HEADER = YES;
				CLANG_WARN_RANGE_LOOP_ANALYSIS = YES;
				CLANG_WARN_STRICT_PROTOTYPES = YES;
				CLANG_WARN_SUSPICIOUS_MOVE = YES;
				CLANG_WARN_UNGUARDED_AVAILABILITY = YES_AGGRESSIVE;
				CLANG_WARN_UNREACHABLE_CODE = YES;
				CLANG_WARN__DUPLICATE_METHOD_MATCH = YES;
				COPY_PHASE_STRIP = NO;
				DEBUG_INFORMATION_FORMAT = "dwarf-with-dsym";
				ENABLE_NS_ASSERTIONS = NO;
				ENABLE_STRICT_OBJC_MSGSEND = YES;
				ENABLE_USER_SCRIPT_SANDBOXING = YES;
				GCC_C_LANGUAGE_STANDARD = gnu17;
				GCC_NO_COMMON_BLOCKS = YES;
				GCC_WARN_64_TO_32_BIT_CONVERSION = YES;
				GCC_WARN_ABOUT_RETURN_TYPE = YES_ERROR;
				GCC_WARN_UNDECLARED_SELECTOR = YES;
				GCC_WARN_UNINITIALIZED_AUTOS = YES_AGGRESSIVE;
				GCC_WARN_UNUSED_FUNCTION = YES;
				GCC_WARN_UNUSED_VARIABLE = YES;
				IPHONEOS_DEPLOYMENT_TARGET = 17.0;
				LOCALIZATION_PREFERS_STRING_CATALOGS = YES;
				MTL_ENABLE_DEBUG_INFO = NO;
				MTL_FAST_MATH = YES;
				SDKROOT = iphoneos;
				SWIFT_COMPILATION_MODE = wholemodule;
				VALIDATE_PRODUCT = YES;
			};
			name = Release;
		};
		61C9ADD32C69AA9E00A375E9 /* Debug */ = {
			isa = XCBuildConfiguration;
			buildSettings = {
				ASSETCATALOG_COMPILER_APPICON_NAME = AppIcon;
				ASSETCATALOG_COMPILER_GLOBAL_ACCENT_COLOR_NAME = AccentColor;
				CODE_SIGN_STYLE = Automatic;
				CURRENT_PROJECT_VERSION = 1;
				DEVELOPMENT_ASSET_PATHS = "\"TestApp/Preview Content\"";
				ENABLE_PREVIEWS = YES;
				GENERATE_INFOPLIST_FILE = YES;
				INFOPLIST_KEY_NSMicrophoneUsageDescription = "";
				INFOPLIST_KEY_UIApplicationSceneManifest_Generation = YES;
				INFOPLIST_KEY_UIApplicationSupportsIndirectInputEvents = YES;
				INFOPLIST_KEY_UILaunchScreen_Generation = YES;
				INFOPLIST_KEY_UISupportedInterfaceOrientations_iPad = "UIInterfaceOrientationPortrait UIInterfaceOrientationPortraitUpsideDown UIInterfaceOrientationLandscapeLeft UIInterfaceOrientationLandscapeRight";
				INFOPLIST_KEY_UISupportedInterfaceOrientations_iPhone = "UIInterfaceOrientationPortrait UIInterfaceOrientationLandscapeLeft UIInterfaceOrientationLandscapeRight";
				LD_RUNPATH_SEARCH_PATHS = (
					"$(inherited)",
					"@executable_path/Frameworks",
				);
				MARKETING_VERSION = 1.0;
				PRODUCT_BUNDLE_IDENTIFIER = pyxeda.TestApp;
				PRODUCT_NAME = "$(TARGET_NAME)";
				SWIFT_EMIT_LOC_STRINGS = YES;
				SWIFT_VERSION = 5.0;
				TARGETED_DEVICE_FAMILY = "1,2";
			};
			name = Debug;
		};
		61C9ADD42C69AA9E00A375E9 /* Release */ = {
			isa = XCBuildConfiguration;
			buildSettings = {
				ASSETCATALOG_COMPILER_APPICON_NAME = AppIcon;
				ASSETCATALOG_COMPILER_GLOBAL_ACCENT_COLOR_NAME = AccentColor;
				CODE_SIGN_STYLE = Automatic;
				CURRENT_PROJECT_VERSION = 1;
				DEVELOPMENT_ASSET_PATHS = "\"TestApp/Preview Content\"";
				ENABLE_PREVIEWS = YES;
				GENERATE_INFOPLIST_FILE = YES;
				INFOPLIST_KEY_NSMicrophoneUsageDescription = "";
				INFOPLIST_KEY_UIApplicationSceneManifest_Generation = YES;
				INFOPLIST_KEY_UIApplicationSupportsIndirectInputEvents = YES;
				INFOPLIST_KEY_UILaunchScreen_Generation = YES;
				INFOPLIST_KEY_UISupportedInterfaceOrientations_iPad = "UIInterfaceOrientationPortrait UIInterfaceOrientationPortraitUpsideDown UIInterfaceOrientationLandscapeLeft UIInterfaceOrientationLandscapeRight";
				INFOPLIST_KEY_UISupportedInterfaceOrientations_iPhone = "UIInterfaceOrientationPortrait UIInterfaceOrientationLandscapeLeft UIInterfaceOrientationLandscapeRight";
				LD_RUNPATH_SEARCH_PATHS = (
					"$(inherited)",
					"@executable_path/Frameworks",
				);
				MARKETING_VERSION = 1.0;
				PRODUCT_BUNDLE_IDENTIFIER = pyxeda.TestApp;
				PRODUCT_NAME = "$(TARGET_NAME)";
				SWIFT_EMIT_LOC_STRINGS = YES;
				SWIFT_VERSION = 5.0;
				TARGETED_DEVICE_FAMILY = "1,2";
			};
			name = Release;
		};
		61C9ADD62C69AA9E00A375E9 /* Debug */ = {
			isa = XCBuildConfiguration;
			buildSettings = {
				ALWAYS_EMBED_SWIFT_STANDARD_LIBRARIES = YES;
				BUNDLE_LOADER = "$(TEST_HOST)";
				CODE_SIGN_STYLE = Automatic;
				CURRENT_PROJECT_VERSION = 1;
				GENERATE_INFOPLIST_FILE = YES;
				IPHONEOS_DEPLOYMENT_TARGET = 17.0;
				MARKETING_VERSION = 1.0;
				PRODUCT_BUNDLE_IDENTIFIER = pyxeda.TestAppTests;
				PRODUCT_NAME = "$(TARGET_NAME)";
				SWIFT_EMIT_LOC_STRINGS = NO;
				SWIFT_VERSION = 5.0;
				TARGETED_DEVICE_FAMILY = "1,2";
				TEST_HOST = "$(BUILT_PRODUCTS_DIR)/TestApp.app/$(BUNDLE_EXECUTABLE_FOLDER_PATH)/TestApp";
			};
			name = Debug;
		};
		61C9ADD72C69AA9E00A375E9 /* Release */ = {
			isa = XCBuildConfiguration;
			buildSettings = {
				ALWAYS_EMBED_SWIFT_STANDARD_LIBRARIES = YES;
				BUNDLE_LOADER = "$(TEST_HOST)";
				CODE_SIGN_STYLE = Automatic;
				CURRENT_PROJECT_VERSION = 1;
				GENERATE_INFOPLIST_FILE = YES;
				IPHONEOS_DEPLOYMENT_TARGET = 17.0;
				MARKETING_VERSION = 1.0;
				PRODUCT_BUNDLE_IDENTIFIER = pyxeda.TestAppTests;
				PRODUCT_NAME = "$(TARGET_NAME)";
				SWIFT_EMIT_LOC_STRINGS = NO;
				SWIFT_VERSION = 5.0;
				TARGETED_DEVICE_FAMILY = "1,2";
				TEST_HOST = "$(BUILT_PRODUCTS_DIR)/TestApp.app/$(BUNDLE_EXECUTABLE_FOLDER_PATH)/TestApp";
			};
			name = Release;
		};
		61C9ADD92C69AA9E00A375E9 /* Debug */ = {
			isa = XCBuildConfiguration;
			buildSettings = {
				ALWAYS_EMBED_SWIFT_STANDARD_LIBRARIES = YES;
				CODE_SIGN_STYLE = Automatic;
				CURRENT_PROJECT_VERSION = 1;
				GENERATE_INFOPLIST_FILE = YES;
				MARKETING_VERSION = 1.0;
				PRODUCT_BUNDLE_IDENTIFIER = pyxeda.TestAppUITests;
				PRODUCT_NAME = "$(TARGET_NAME)";
				SWIFT_EMIT_LOC_STRINGS = NO;
				SWIFT_VERSION = 5.0;
				TARGETED_DEVICE_FAMILY = "1,2";
				TEST_TARGET_NAME = TestApp;
			};
			name = Debug;
		};
		61C9ADDA2C69AA9E00A375E9 /* Release */ = {
			isa = XCBuildConfiguration;
			buildSettings = {
				ALWAYS_EMBED_SWIFT_STANDARD_LIBRARIES = YES;
				CODE_SIGN_STYLE = Automatic;
				CURRENT_PROJECT_VERSION = 1;
				GENERATE_INFOPLIST_FILE = YES;
				MARKETING_VERSION = 1.0;
				PRODUCT_BUNDLE_IDENTIFIER = pyxeda.TestAppUITests;
				PRODUCT_NAME = "$(TARGET_NAME)";
				SWIFT_EMIT_LOC_STRINGS = NO;
				SWIFT_VERSION = 5.0;
				TARGETED_DEVICE_FAMILY = "1,2";
				TEST_TARGET_NAME = TestApp;
			};
			name = Release;
		};
/* End XCBuildConfiguration section */

/* Begin XCConfigurationList section */
		61C9ADA92C69AA9C00A375E9 /* Build configuration list for PBXProject "TestApp" */ = {
			isa = XCConfigurationList;
			buildConfigurations = (
				61C9ADD02C69AA9E00A375E9 /* Debug */,
				61C9ADD12C69AA9E00A375E9 /* Release */,
			);
			defaultConfigurationIsVisible = 0;
			defaultConfigurationName = Release;
		};
		61C9ADD22C69AA9E00A375E9 /* Build configuration list for PBXNativeTarget "TestApp" */ = {
			isa = XCConfigurationList;
			buildConfigurations = (
				61C9ADD32C69AA9E00A375E9 /* Debug */,
				61C9ADD42C69AA9E00A375E9 /* Release */,
			);
			defaultConfigurationIsVisible = 0;
			defaultConfigurationName = Release;
		};
		61C9ADD52C69AA9E00A375E9 /* Build configuration list for PBXNativeTarget "TestAppTests" */ = {
			isa = XCConfigurationList;
			buildConfigurations = (
				61C9ADD62C69AA9E00A375E9 /* Debug */,
				61C9ADD72C69AA9E00A375E9 /* Release */,
			);
			defaultConfigurationIsVisible = 0;
			defaultConfigurationName = Release;
		};
		61C9ADD82C69AA9E00A375E9 /* Build configuration list for PBXNativeTarget "TestAppUITests" */ = {
			isa = XCConfigurationList;
			buildConfigurations = (
				61C9ADD92C69AA9E00A375E9 /* Debug */,
				61C9ADDA2C69AA9E00A375E9 /* Release */,
			);
			defaultConfigurationIsVisible = 0;
			defaultConfigurationName = Release;
		};
/* End XCConfigurationList section */

/* Begin XCRemoteSwiftPackageReference section */
		618AAA752C6F98580046BEC7 /* XCRemoteSwiftPackageReference "Alamofire" */ = {
			isa = XCRemoteSwiftPackageReference;
			repositoryURL = "https://github.com/Alamofire/Alamofire";
			requirement = {
				kind = upToNextMajorVersion;
				minimumVersion = 5.9.1;
			};
		};
		618AAA762C6F98D50046BEC7 /* XCRemoteSwiftPackageReference "SwiftyJSON" */ = {
			isa = XCRemoteSwiftPackageReference;
			repositoryURL = "https://github.com/SwiftyJSON/SwiftyJSON";
			requirement = {
				kind = upToNextMajorVersion;
				minimumVersion = 5.0.2;
			};
		};
/* End XCRemoteSwiftPackageReference section */

/* Begin XCSwiftPackageProductDependency section */
		614AD05B2C6FA0C200D5F984 /* Alamofire */ = {
			isa = XCSwiftPackageProductDependency;
			package = 618AAA752C6F98580046BEC7 /* XCRemoteSwiftPackageReference "Alamofire" */;
			productName = Alamofire;
		};
		614AD05D2C6FA0C200D5F984 /* AlamofireDynamic */ = {
			isa = XCSwiftPackageProductDependency;
			package = 618AAA752C6F98580046BEC7 /* XCRemoteSwiftPackageReference "Alamofire" */;
			productName = AlamofireDynamic;
		};
		618AAA772C6F98D50046BEC7 /* SwiftyJSON */ = {
			isa = XCSwiftPackageProductDependency;
			package = 618AAA762C6F98D50046BEC7 /* XCRemoteSwiftPackageReference "SwiftyJSON" */;
			productName = SwiftyJSON;
		};
/* End XCSwiftPackageProductDependency section */
	};
	rootObject = 61C9ADA62C69AA9C00A375E9 /* Project object */;
}
